
Microsoft Visual Studio Solution File, Format Version 12.00
# Visual Studio 15
Project("{FAE04EC0-301F-11D3-BF4B-00C04F79EFBC}") = "MovieTheater", "MovieTheater.csproj", "{E88B8085-1D8C-4899-96F0-2853C9BA3402}"
EndProject
Global
	GlobalSection(SolutionConfigurationPlatforms) = preSolution
		Debug|Any CPU = Debug|Any CPU
		Release|Any CPU = Release|Any CPU
	EndGlobalSection
	GlobalSection(ProjectConfigurationPlatforms) = postSolution
		{E88B8085-1D8C-4899-96F0-2853C9BA3402}.Debug|Any CPU.ActiveCfg = Debug|Any CPU
		{E88B8085-1D8C-4899-96F0-2853C9BA3402}.Debug|Any CPU.Build.0 = Debug|Any CPU
		{E88B8085-1D8C-4899-96F0-2853C9BA3402}.Release|Any CPU.ActiveCfg = Release|Any CPU
		{E88B8085-1D8C-4899-96F0-2853C9BA3402}.Release|Any CPU.Build.0 = Release|Any CPU
	EndGlobalSection
EndGlobal
